
Microsoft Visual Studio Solution File, Format Version 12.00
# Visual Studio 15
VisualStudioVersion = 15.0.26730.8
MinimumVisualStudioVersion = 10.0.40219.1
Project("{FAE04EC0-301F-11D3-BF4B-00C04F79EFBC}") = "StardustSoundModder", "StardustSoundModder\StardustSoundModder.csproj", "{12861FDB-23B4-4BAF-B670-13B959323D49}"
EndProject
Global
	GlobalSection(SolutionConfigurationPlatforms) = preSolution
		Debug|Any CPU = Debug|Any CPU
		Release|Any CPU = Release|Any CPU
	EndGlobalSection
	GlobalSection(ProjectConfigurationPlatforms) = postSolution
		{12861FDB-23B4-4BAF-B670-13B959323D49}.Debug|Any CPU.ActiveCfg = Debug|Any CPU
		{12861FDB-23B4-4BAF-B670-13B959323D49}.Debug|Any CPU.Build.0 = Debug|Any CPU
		{12861FDB-23B4-4BAF-B670-13B959323D49}.Release|Any CPU.ActiveCfg = Release|Any CPU
		{12861FDB-23B4-4BAF-B670-13B959323D49}.Release|Any CPU.Build.0 = Release|Any CPU
	EndGlobalSection
	GlobalSection(SolutionProperties) = preSolution
		HideSolutionNode = FALSE
	EndGlobalSection
	GlobalSection(ExtensibilityGlobals) = postSolution
		SolutionGuid = {8665B01A-22A3-4FDE-BBC7-7366CDD9218E}
	EndGlobalSection
EndGlobal
